
Microsoft Visual Studio Solution File, Format Version 12.00
# Visual Studio Version 17
VisualStudioVersion = 17.0.32112.339
MinimumVisualStudioVersion = 10.0.40219.1
Project("{9A19103F-16F7-4668-BE54-9A1E7A4F7556}") = "Mc.Rcon.Api", "Mc.Rcon.Api\Mc.Rcon.Api.csproj", "{2D522AC4-705E-424B-BBE0-7F7FB97AE7A6}"
EndProject
Project("{FAE04EC0-301F-11D3-BF4B-00C04F79EFBC}") = "Mc.Rcon.App", "Mc.Rcon.App\Mc.Rcon.App.csproj", "{7D5A311E-A5BF-4E02-9F45-7290D5ED065E}"
EndProject
Global
	GlobalSection(SolutionConfigurationPlatforms) = preSolution
		Debug|Any CPU = Debug|Any CPU
		Release|Any CPU = Release|Any CPU
	EndGlobalSection
	GlobalSection(ProjectConfigurationPlatforms) = postSolution
		{2D522AC4-705E-424B-BBE0-7F7FB97AE7A6}.Debug|Any CPU.ActiveCfg = Debug|Any CPU
		{2D522AC4-705E-424B-BBE0-7F7FB97AE7A6}.Debug|Any CPU.Build.0 = Debug|Any CPU
		{2D522AC4-705E-424B-BBE0-7F7FB97AE7A6}.Release|Any CPU.ActiveCfg = Release|Any CPU
		{2D522AC4-705E-424B-BBE0-7F7FB97AE7A6}.Release|Any CPU.Build.0 = Release|Any CPU
		{7D5A311E-A5BF-4E02-9F45-7290D5ED065E}.Debug|Any CPU.ActiveCfg = Debug|Any CPU
		{7D5A311E-A5BF-4E02-9F45-7290D5ED065E}.Debug|Any CPU.Build.0 = Debug|Any CPU
		{7D5A311E-A5BF-4E02-9F45-7290D5ED065E}.Release|Any CPU.ActiveCfg = Release|Any CPU
		{7D5A311E-A5BF-4E02-9F45-7290D5ED065E}.Release|Any CPU.Build.0 = Release|Any CPU
	EndGlobalSection
	GlobalSection(SolutionProperties) = preSolution
		HideSolutionNode = FALSE
	EndGlobalSection
	GlobalSection(ExtensibilityGlobals) = postSolution
		SolutionGuid = {FEBA5BCA-8898-45E1-B3AD-C2B4E9A6F3F3}
	EndGlobalSection
EndGlobal
